{
  "object": {
    "pins": [
      {
        "package": "GLTFSceneKit",
        "repositoryURL": "https://github.com/magicien/GLTFSceneKit.git",
        "state": {
          "branch": null,
          "revision": "8bd50d2887c4e0ccc50b9e576768c1800ae15c50",
          "version": "0.3.0"
        }
      }
    ]
  },
  "version": 1
}
